
Microsoft Visual Studio Solution File, Format Version 12.00
# Visual Studio 15
VisualStudioVersion = 15.0.26730.16
MinimumVisualStudioVersion = 10.0.40219.1
Project("{FAE04EC0-301F-11D3-BF4B-00C04F79EFBC}") = "Tema Iunie", "Tema Iunie\Tema Iunie.csproj", "{8E8FA8FC-EF96-4140-A029-0FB20CFE8690}"
EndProject
Global
	GlobalSection(SolutionConfigurationPlatforms) = preSolution
		Debug|Any CPU = Debug|Any CPU
		Release|Any CPU = Release|Any CPU
	EndGlobalSection
	GlobalSection(ProjectConfigurationPlatforms) = postSolution
		{8E8FA8FC-EF96-4140-A029-0FB20CFE8690}.Debug|Any CPU.ActiveCfg = Debug|Any CPU
		{8E8FA8FC-EF96-4140-A029-0FB20CFE8690}.Debug|Any CPU.Build.0 = Debug|Any CPU
		{8E8FA8FC-EF96-4140-A029-0FB20CFE8690}.Release|Any CPU.ActiveCfg = Release|Any CPU
		{8E8FA8FC-EF96-4140-A029-0FB20CFE8690}.Release|Any CPU.Build.0 = Release|Any CPU
	EndGlobalSection
	GlobalSection(SolutionProperties) = preSolution
		HideSolutionNode = FALSE
	EndGlobalSection
	GlobalSection(ExtensibilityGlobals) = postSolution
		SolutionGuid = {3E1D0FCA-748E-4B9D-B973-895066CA1F1F}
	EndGlobalSection
EndGlobal
